// !$*UTF8*$!
{
	archiveVersion = 1;
	classes = {
	};
	objectVersion = 46;
	objects = {

/* Begin PBXBuildFile section */
		59A90C8C1C5DE0CF004F7F73 /* FBSDKCoreKit.framework in Frameworks */ = {isa = PBXBuildFile; fileRef = 59A90C8B1C5DE0CF004F7F73 /* FBSDKCoreKit.framework */; };
		59A90C8F1C5DE80C004F7F73 /* FBSDKLoginKit.framework in Frameworks */ = {isa = PBXBuildFile; fileRef = 59A90C8E1C5DE80C004F7F73 /* FBSDKLoginKit.framework */; };
		59A90C911C5E787A004F7F73 /* EntryViewController.swift in Sources */ = {isa = PBXBuildFile; fileRef = 59A90C901C5E787A004F7F73 /* EntryViewController.swift */; };
		D8685CBD1BE7BF880041817E /* AppDelegate.swift in Sources */ = {isa = PBXBuildFile; fileRef = D8685CBC1BE7BF880041817E /* AppDelegate.swift */; };
		D8685CBF1BE7BF880041817E /* MainViewController.swift in Sources */ = {isa = PBXBuildFile; fileRef = D8685CBE1BE7BF880041817E /* MainViewController.swift */; };
		D8685CC21BE7BF880041817E /* Main.storyboard in Resources */ = {isa = PBXBuildFile; fileRef = D8685CC01BE7BF880041817E /* Main.storyboard */; };
		D8685CC41BE7BF880041817E /* Assets.xcassets in Resources */ = {isa = PBXBuildFile; fileRef = D8685CC31BE7BF880041817E /* Assets.xcassets */; };
		D8685CC71BE7BF880041817E /* LaunchScreen.storyboard in Resources */ = {isa = PBXBuildFile; fileRef = D8685CC51BE7BF880041817E /* LaunchScreen.storyboard */; };
		D8685CD21BE7BF890041817E /* xtalkTests.swift in Sources */ = {isa = PBXBuildFile; fileRef = D8685CD11BE7BF890041817E /* xtalkTests.swift */; };
		D8685CDD1BE7BF890041817E /* xtalkUITests.swift in Sources */ = {isa = PBXBuildFile; fileRef = D8685CDC1BE7BF890041817E /* xtalkUITests.swift */; };
		D8685CEC1BE7D5BF0041817E /* UIImageExtension.swift in Sources */ = {isa = PBXBuildFile; fileRef = D8685CEB1BE7D5BF0041817E /* UIImageExtension.swift */; };
		D8685CEF1BE7D6200041817E /* CustomTabBarController.swift in Sources */ = {isa = PBXBuildFile; fileRef = D8685CEE1BE7D6200041817E /* CustomTabBarController.swift */; };
		D8685CF21BE7D6910041817E /* RoundedButton.swift in Sources */ = {isa = PBXBuildFile; fileRef = D8685CF11BE7D6910041817E /* RoundedButton.swift */; };
		D8685CF41BE7DA320041817E /* LoginViewController.swift in Sources */ = {isa = PBXBuildFile; fileRef = D8685CF31BE7DA320041817E /* LoginViewController.swift */; };
		D873295D1C501EA2003B8058 /* CoreLocation.framework in Frameworks */ = {isa = PBXBuildFile; fileRef = D873295C1C501EA2003B8058 /* CoreLocation.framework */; };
		D873295F1C5137F3003B8058 /* PeersViewController.swift in Sources */ = {isa = PBXBuildFile; fileRef = D873295E1C5137F3003B8058 /* PeersViewController.swift */; };
		D87329611C513A31003B8058 /* PlacesViewController.swift in Sources */ = {isa = PBXBuildFile; fileRef = D87329601C513A31003B8058 /* PlacesViewController.swift */; };
		D87329631C582BDA003B8058 /* RegisterViewController.swift in Sources */ = {isa = PBXBuildFile; fileRef = D87329621C582BDA003B8058 /* RegisterViewController.swift */; };
		D87329651C601756003B8058 /* User.swift in Sources */ = {isa = PBXBuildFile; fileRef = D87329641C601755003B8058 /* User.swift */; };
		D87329671C6018BB003B8058 /* UserAPIController.swift in Sources */ = {isa = PBXBuildFile; fileRef = D87329661C6018BB003B8058 /* UserAPIController.swift */; };
		D87329691C613CF9003B8058 /* DateExtension.swift in Sources */ = {isa = PBXBuildFile; fileRef = D87329681C613CF9003B8058 /* DateExtension.swift */; };
		D873296B1C613DA4003B8058 /* DoubleExtension.swift in Sources */ = {isa = PBXBuildFile; fileRef = D873296A1C613DA4003B8058 /* DoubleExtension.swift */; };
		D87D91C41BE800C400CABE91 /* ProfilePhotoViewController.swift in Sources */ = {isa = PBXBuildFile; fileRef = D87D91C31BE800C400CABE91 /* ProfilePhotoViewController.swift */; };
		D87EF8CE1BE90B660067DEC4 /* ProfileViewController.swift in Sources */ = {isa = PBXBuildFile; fileRef = D87EF8CD1BE90B660067DEC4 /* ProfileViewController.swift */; };
		D87F789A1C739F0A0000A6B9 /* FacePhotosViewController.swift in Sources */ = {isa = PBXBuildFile; fileRef = D87F78991C739F0A0000A6B9 /* FacePhotosViewController.swift */; };
		D87F789C1C7514F40000A6B9 /* FBHelper.swift in Sources */ = {isa = PBXBuildFile; fileRef = D87F789B1C7514F40000A6B9 /* FBHelper.swift */; };
		D87F789E1C761F610000A6B9 /* FacebookAPIController.swift in Sources */ = {isa = PBXBuildFile; fileRef = D87F789D1C761F610000A6B9 /* FacebookAPIController.swift */; };
		D87F78A01C7622A60000A6B9 /* FBPhoto.swift in Sources */ = {isa = PBXBuildFile; fileRef = D87F789F1C7622A60000A6B9 /* FBPhoto.swift */; };
		D87F78A21C762A240000A6B9 /* StringExtension.swift in Sources */ = {isa = PBXBuildFile; fileRef = D87F78A11C762A240000A6B9 /* StringExtension.swift */; };
		D87F78A41C7637D30000A6B9 /* FBMyPhotos.swift in Sources */ = {isa = PBXBuildFile; fileRef = D87F78A31C7637D30000A6B9 /* FBMyPhotos.swift */; };
		D8A16D301BE8111B00EDEB0B /* CaptureProfilePhotoViewController.swift in Sources */ = {isa = PBXBuildFile; fileRef = D8A16D2F1BE8111B00EDEB0B /* CaptureProfilePhotoViewController.swift */; };
		D8A16D321BE8113300EDEB0B /* ZoomPhotoViewController.swift in Sources */ = {isa = PBXBuildFile; fileRef = D8A16D311BE8113300EDEB0B /* ZoomPhotoViewController.swift */; };
		D8A16D341BE8131F00EDEB0B /* MutableExtension.swift in Sources */ = {isa = PBXBuildFile; fileRef = D8A16D331BE8131F00EDEB0B /* MutableExtension.swift */; };
		D8A16D361BE8159900EDEB0B /* CircleButton.swift in Sources */ = {isa = PBXBuildFile; fileRef = D8A16D351BE8159900EDEB0B /* CircleButton.swift */; };
		D8A16D391BE816BD00EDEB0B /* Profile.swift in Sources */ = {isa = PBXBuildFile; fileRef = D8A16D381BE816BD00EDEB0B /* Profile.swift */; };
		D8A16D3C1BE8174300EDEB0B /* ProfileAPIController.swift in Sources */ = {isa = PBXBuildFile; fileRef = D8A16D3B1BE8174300EDEB0B /* ProfileAPIController.swift */; };
		D8DF09E81BFA49E900619D2E /* UIImageViewExtension.swift in Sources */ = {isa = PBXBuildFile; fileRef = D8DF09E71BFA49E900619D2E /* UIImageViewExtension.swift */; };
		D8DF09EC1BFA517700619D2E /* PhotoSourceViewController.swift in Sources */ = {isa = PBXBuildFile; fileRef = D8DF09EB1BFA517700619D2E /* PhotoSourceViewController.swift */; };
		D8FAB4AC1C769173000D0202 /* FBPhotoCell.swift in Sources */ = {isa = PBXBuildFile; fileRef = D8FAB4AB1C769173000D0202 /* FBPhotoCell.swift */; };
/* End PBXBuildFile section */

/* Begin PBXContainerItemProxy section */
		D8685CCE1BE7BF890041817E /* PBXContainerItemProxy */ = {
			isa = PBXContainerItemProxy;
			containerPortal = D8685CB11BE7BF880041817E /* Project object */;
			proxyType = 1;
			remoteGlobalIDString = D8685CB81BE7BF880041817E;
			remoteInfo = xtalk;
		};
		D8685CD91BE7BF890041817E /* PBXContainerItemProxy */ = {
			isa = PBXContainerItemProxy;
			containerPortal = D8685CB11BE7BF880041817E /* Project object */;
			proxyType = 1;
			remoteGlobalIDString = D8685CB81BE7BF880041817E;
			remoteInfo = xtalk;
		};
/* End PBXContainerItemProxy section */

/* Begin PBXFileReference section */
		59A90C8B1C5DE0CF004F7F73 /* FBSDKCoreKit.framework */ = {isa = PBXFileReference; lastKnownFileType = wrapper.framework; path = FBSDKCoreKit.framework; sourceTree = "<group>"; };
		59A90C8D1C5DE496004F7F73 /* Bridging-Header.h */ = {isa = PBXFileReference; lastKnownFileType = sourcecode.c.h; path = "Bridging-Header.h"; sourceTree = "<group>"; };
		59A90C8E1C5DE80C004F7F73 /* FBSDKLoginKit.framework */ = {isa = PBXFileReference; lastKnownFileType = wrapper.framework; path = FBSDKLoginKit.framework; sourceTree = "<group>"; };
		59A90C901C5E787A004F7F73 /* EntryViewController.swift */ = {isa = PBXFileReference; fileEncoding = 4; lastKnownFileType = sourcecode.swift; path = EntryViewController.swift; sourceTree = "<group>"; };
		D8685CB91BE7BF880041817E /* xtalk.app */ = {isa = PBXFileReference; explicitFileType = wrapper.application; includeInIndex = 0; path = xtalk.app; sourceTree = BUILT_PRODUCTS_DIR; };
		D8685CBC1BE7BF880041817E /* AppDelegate.swift */ = {isa = PBXFileReference; lastKnownFileType = sourcecode.swift; path = AppDelegate.swift; sourceTree = "<group>"; };
		D8685CBE1BE7BF880041817E /* MainViewController.swift */ = {isa = PBXFileReference; lastKnownFileType = sourcecode.swift; path = MainViewController.swift; sourceTree = "<group>"; };
		D8685CC11BE7BF880041817E /* Base */ = {isa = PBXFileReference; lastKnownFileType = file.storyboard; name = Base; path = Base.lproj/Main.storyboard; sourceTree = "<group>"; };
		D8685CC31BE7BF880041817E /* Assets.xcassets */ = {isa = PBXFileReference; lastKnownFileType = folder.assetcatalog; path = Assets.xcassets; sourceTree = "<group>"; };
		D8685CC61BE7BF880041817E /* Base */ = {isa = PBXFileReference; lastKnownFileType = file.storyboard; name = Base; path = Base.lproj/LaunchScreen.storyboard; sourceTree = "<group>"; };
		D8685CC81BE7BF880041817E /* Info.plist */ = {isa = PBXFileReference; lastKnownFileType = text.plist.xml; path = Info.plist; sourceTree = "<group>"; };
		D8685CCD1BE7BF890041817E /* xtalkTests.xctest */ = {isa = PBXFileReference; explicitFileType = wrapper.cfbundle; includeInIndex = 0; path = xtalkTests.xctest; sourceTree = BUILT_PRODUCTS_DIR; };
		D8685CD11BE7BF890041817E /* xtalkTests.swift */ = {isa = PBXFileReference; lastKnownFileType = sourcecode.swift; path = xtalkTests.swift; sourceTree = "<group>"; };
		D8685CD31BE7BF890041817E /* Info.plist */ = {isa = PBXFileReference; lastKnownFileType = text.plist.xml; path = Info.plist; sourceTree = "<group>"; };
		D8685CD81BE7BF890041817E /* xtalkUITests.xctest */ = {isa = PBXFileReference; explicitFileType = wrapper.cfbundle; includeInIndex = 0; path = xtalkUITests.xctest; sourceTree = BUILT_PRODUCTS_DIR; };
		D8685CDC1BE7BF890041817E /* xtalkUITests.swift */ = {isa = PBXFileReference; lastKnownFileType = sourcecode.swift; path = xtalkUITests.swift; sourceTree = "<group>"; };
		D8685CDE1BE7BF890041817E /* Info.plist */ = {isa = PBXFileReference; lastKnownFileType = text.plist.xml; path = Info.plist; sourceTree = "<group>"; };
		D8685CEB1BE7D5BF0041817E /* UIImageExtension.swift */ = {isa = PBXFileReference; fileEncoding = 4; lastKnownFileType = sourcecode.swift; path = UIImageExtension.swift; sourceTree = "<group>"; };
		D8685CEE1BE7D6200041817E /* CustomTabBarController.swift */ = {isa = PBXFileReference; fileEncoding = 4; lastKnownFileType = sourcecode.swift; path = CustomTabBarController.swift; sourceTree = "<group>"; };
		D8685CF11BE7D6910041817E /* RoundedButton.swift */ = {isa = PBXFileReference; fileEncoding = 4; lastKnownFileType = sourcecode.swift; path = RoundedButton.swift; sourceTree = "<group>"; };
		D8685CF31BE7DA320041817E /* LoginViewController.swift */ = {isa = PBXFileReference; fileEncoding = 4; lastKnownFileType = sourcecode.swift; path = LoginViewController.swift; sourceTree = "<group>"; };
		D873295C1C501EA2003B8058 /* CoreLocation.framework */ = {isa = PBXFileReference; lastKnownFileType = wrapper.framework; name = CoreLocation.framework; path = System/Library/Frameworks/CoreLocation.framework; sourceTree = SDKROOT; };
		D873295E1C5137F3003B8058 /* PeersViewController.swift */ = {isa = PBXFileReference; fileEncoding = 4; lastKnownFileType = sourcecode.swift; path = PeersViewController.swift; sourceTree = "<group>"; };
		D87329601C513A31003B8058 /* PlacesViewController.swift */ = {isa = PBXFileReference; fileEncoding = 4; lastKnownFileType = sourcecode.swift; path = PlacesViewController.swift; sourceTree = "<group>"; };
		D87329621C582BDA003B8058 /* RegisterViewController.swift */ = {isa = PBXFileReference; fileEncoding = 4; lastKnownFileType = sourcecode.swift; path = RegisterViewController.swift; sourceTree = "<group>"; };
		D87329641C601755003B8058 /* User.swift */ = {isa = PBXFileReference; fileEncoding = 4; lastKnownFileType = sourcecode.swift; path = User.swift; sourceTree = "<group>"; };
		D87329661C6018BB003B8058 /* UserAPIController.swift */ = {isa = PBXFileReference; fileEncoding = 4; lastKnownFileType = sourcecode.swift; path = UserAPIController.swift; sourceTree = "<group>"; };
		D87329681C613CF9003B8058 /* DateExtension.swift */ = {isa = PBXFileReference; fileEncoding = 4; lastKnownFileType = sourcecode.swift; path = DateExtension.swift; sourceTree = "<group>"; };
		D873296A1C613DA4003B8058 /* DoubleExtension.swift */ = {isa = PBXFileReference; fileEncoding = 4; lastKnownFileType = sourcecode.swift; path = DoubleExtension.swift; sourceTree = "<group>"; };
		D87D91C31BE800C400CABE91 /* ProfilePhotoViewController.swift */ = {isa = PBXFileReference; fileEncoding = 4; lastKnownFileType = sourcecode.swift; path = ProfilePhotoViewController.swift; sourceTree = "<group>"; };
		D87EF8CD1BE90B660067DEC4 /* ProfileViewController.swift */ = {isa = PBXFileReference; fileEncoding = 4; lastKnownFileType = sourcecode.swift; path = ProfileViewController.swift; sourceTree = "<group>"; };
		D87F78991C739F0A0000A6B9 /* FacePhotosViewController.swift */ = {isa = PBXFileReference; fileEncoding = 4; lastKnownFileType = sourcecode.swift; path = FacePhotosViewController.swift; sourceTree = "<group>"; };
		D87F789B1C7514F40000A6B9 /* FBHelper.swift */ = {isa = PBXFileReference; fileEncoding = 4; lastKnownFileType = sourcecode.swift; path = FBHelper.swift; sourceTree = "<group>"; };
		D87F789D1C761F610000A6B9 /* FacebookAPIController.swift */ = {isa = PBXFileReference; fileEncoding = 4; lastKnownFileType = sourcecode.swift; path = FacebookAPIController.swift; sourceTree = "<group>"; };
		D87F789F1C7622A60000A6B9 /* FBPhoto.swift */ = {isa = PBXFileReference; fileEncoding = 4; lastKnownFileType = sourcecode.swift; path = FBPhoto.swift; sourceTree = "<group>"; };
		D87F78A11C762A240000A6B9 /* StringExtension.swift */ = {isa = PBXFileReference; fileEncoding = 4; lastKnownFileType = sourcecode.swift; path = StringExtension.swift; sourceTree = "<group>"; };
		D87F78A31C7637D30000A6B9 /* FBMyPhotos.swift */ = {isa = PBXFileReference; fileEncoding = 4; lastKnownFileType = sourcecode.swift; path = FBMyPhotos.swift; sourceTree = "<group>"; };
		D8A16D2F1BE8111B00EDEB0B /* CaptureProfilePhotoViewController.swift */ = {isa = PBXFileReference; fileEncoding = 4; lastKnownFileType = sourcecode.swift; path = CaptureProfilePhotoViewController.swift; sourceTree = "<group>"; };
		D8A16D311BE8113300EDEB0B /* ZoomPhotoViewController.swift */ = {isa = PBXFileReference; fileEncoding = 4; lastKnownFileType = sourcecode.swift; path = ZoomPhotoViewController.swift; sourceTree = "<group>"; };
		D8A16D331BE8131F00EDEB0B /* MutableExtension.swift */ = {isa = PBXFileReference; fileEncoding = 4; lastKnownFileType = sourcecode.swift; path = MutableExtension.swift; sourceTree = "<group>"; };
		D8A16D351BE8159900EDEB0B /* CircleButton.swift */ = {isa = PBXFileReference; fileEncoding = 4; lastKnownFileType = sourcecode.swift; path = CircleButton.swift; sourceTree = "<group>"; };
		D8A16D381BE816BD00EDEB0B /* Profile.swift */ = {isa = PBXFileReference; fileEncoding = 4; lastKnownFileType = sourcecode.swift; path = Profile.swift; sourceTree = "<group>"; };
		D8A16D3B1BE8174300EDEB0B /* ProfileAPIController.swift */ = {isa = PBXFileReference; fileEncoding = 4; lastKnownFileType = sourcecode.swift; path = ProfileAPIController.swift; sourceTree = "<group>"; };
		D8DF09E71BFA49E900619D2E /* UIImageViewExtension.swift */ = {isa = PBXFileReference; fileEncoding = 4; lastKnownFileType = sourcecode.swift; path = UIImageViewExtension.swift; sourceTree = "<group>"; };
		D8DF09EB1BFA517700619D2E /* PhotoSourceViewController.swift */ = {isa = PBXFileReference; fileEncoding = 4; lastKnownFileType = sourcecode.swift; path = PhotoSourceViewController.swift; sourceTree = "<group>"; };
		D8FAB4AB1C769173000D0202 /* FBPhotoCell.swift */ = {isa = PBXFileReference; fileEncoding = 4; lastKnownFileType = sourcecode.swift; name = FBPhotoCell.swift; path = cell/FBPhotoCell.swift; sourceTree = "<group>"; };
/* End PBXFileReference section */

/* Begin PBXFrameworksBuildPhase section */
		D8685CB61BE7BF880041817E /* Frameworks */ = {
			isa = PBXFrameworksBuildPhase;
			buildActionMask = 2147483647;
			files = (
				D873295D1C501EA2003B8058 /* CoreLocation.framework in Frameworks */,
				59A90C8C1C5DE0CF004F7F73 /* FBSDKCoreKit.framework in Frameworks */,
				59A90C8F1C5DE80C004F7F73 /* FBSDKLoginKit.framework in Frameworks */,
			);
			runOnlyForDeploymentPostprocessing = 0;
		};
		D8685CCA1BE7BF890041817E /* Frameworks */ = {
			isa = PBXFrameworksBuildPhase;
			buildActionMask = 2147483647;
			files = (
			);
			runOnlyForDeploymentPostprocessing = 0;
		};
		D8685CD51BE7BF890041817E /* Frameworks */ = {
			isa = PBXFrameworksBuildPhase;
			buildActionMask = 2147483647;
			files = (
			);
			runOnlyForDeploymentPostprocessing = 0;
		};
/* End PBXFrameworksBuildPhase section */

/* Begin PBXGroup section */
		59A90C8A1C5DE08D004F7F73 /* Frameworks */ = {
			isa = PBXGroup;
			children = (
				59A90C8E1C5DE80C004F7F73 /* FBSDKLoginKit.framework */,
				59A90C8B1C5DE0CF004F7F73 /* FBSDKCoreKit.framework */,
			);
			name = Frameworks;
			sourceTree = "<group>";
		};
		D8685CB01BE7BF880041817E = {
			isa = PBXGroup;
			children = (
				D873295C1C501EA2003B8058 /* CoreLocation.framework */,
				D8685CBB1BE7BF880041817E /* xtalk */,
				D8685CD01BE7BF890041817E /* xtalkTests */,
				D8685CDB1BE7BF890041817E /* xtalkUITests */,
				D8685CBA1BE7BF880041817E /* Products */,
			);
			sourceTree = "<group>";
		};
		D8685CBA1BE7BF880041817E /* Products */ = {
			isa = PBXGroup;
			children = (
				D8685CB91BE7BF880041817E /* xtalk.app */,
				D8685CCD1BE7BF890041817E /* xtalkTests.xctest */,
				D8685CD81BE7BF890041817E /* xtalkUITests.xctest */,
			);
			name = Products;
			sourceTree = "<group>";
		};
		D8685CBB1BE7BF880041817E /* xtalk */ = {
			isa = PBXGroup;
			children = (
				D8FAB4AA1C76913D000D0202 /* cell */,
				59A90C8A1C5DE08D004F7F73 /* Frameworks */,
				D8A16D3A1BE8172800EDEB0B /* api */,
				D8A16D371BE816A900EDEB0B /* model */,
				D8685CED1BE7D5DB0041817E /* custom */,
				D8685CEA1BE7D5850041817E /* extension */,
				D8685CBC1BE7BF880041817E /* AppDelegate.swift */,
				59A90C901C5E787A004F7F73 /* EntryViewController.swift */,
				D8685CBE1BE7BF880041817E /* MainViewController.swift */,
				D8685CF31BE7DA320041817E /* LoginViewController.swift */,
				D87329621C582BDA003B8058 /* RegisterViewController.swift */,
				D87F78991C739F0A0000A6B9 /* FacePhotosViewController.swift */,
				D87EF8CD1BE90B660067DEC4 /* ProfileViewController.swift */,
				D87D91C31BE800C400CABE91 /* ProfilePhotoViewController.swift */,
				D873295E1C5137F3003B8058 /* PeersViewController.swift */,
				D87329601C513A31003B8058 /* PlacesViewController.swift */,
				D8DF09EB1BFA517700619D2E /* PhotoSourceViewController.swift */,
				D8A16D2F1BE8111B00EDEB0B /* CaptureProfilePhotoViewController.swift */,
				D8A16D311BE8113300EDEB0B /* ZoomPhotoViewController.swift */,
				D8685CC01BE7BF880041817E /* Main.storyboard */,
				D8685CC31BE7BF880041817E /* Assets.xcassets */,
				D8685CC51BE7BF880041817E /* LaunchScreen.storyboard */,
				D8685CC81BE7BF880041817E /* Info.plist */,
				59A90C8D1C5DE496004F7F73 /* Bridging-Header.h */,
			);
			path = xtalk;
			sourceTree = "<group>";
		};
		D8685CD01BE7BF890041817E /* xtalkTests */ = {
			isa = PBXGroup;
			children = (
				D8685CD11BE7BF890041817E /* xtalkTests.swift */,
				D8685CD31BE7BF890041817E /* Info.plist */,
			);
			path = xtalkTests;
			sourceTree = "<group>";
		};
		D8685CDB1BE7BF890041817E /* xtalkUITests */ = {
			isa = PBXGroup;
			children = (
				D8685CDC1BE7BF890041817E /* xtalkUITests.swift */,
				D8685CDE1BE7BF890041817E /* Info.plist */,
			);
			path = xtalkUITests;
			sourceTree = "<group>";
		};
		D8685CEA1BE7D5850041817E /* extension */ = {
			isa = PBXGroup;
			children = (
				D8685CEB1BE7D5BF0041817E /* UIImageExtension.swift */,
				D8A16D331BE8131F00EDEB0B /* MutableExtension.swift */,
				D8DF09E71BFA49E900619D2E /* UIImageViewExtension.swift */,
				D87329681C613CF9003B8058 /* DateExtension.swift */,
				D873296A1C613DA4003B8058 /* DoubleExtension.swift */,
				D87F78A11C762A240000A6B9 /* StringExtension.swift */,
			);
			name = extension;
			sourceTree = "<group>";
		};
		D8685CED1BE7D5DB0041817E /* custom */ = {
			isa = PBXGroup;
			children = (
				D8DF09E41BFA35C900619D2E /* tabbar */,
				D8DF09E31BFA35BF00619D2E /* button */,
			);
			name = custom;
			sourceTree = "<group>";
		};
		D8A16D371BE816A900EDEB0B /* model */ = {
			isa = PBXGroup;
			children = (
				D8A16D381BE816BD00EDEB0B /* Profile.swift */,
				D87329641C601755003B8058 /* User.swift */,
				D87F789B1C7514F40000A6B9 /* FBHelper.swift */,
				D87F789F1C7622A60000A6B9 /* FBPhoto.swift */,
				D87F78A31C7637D30000A6B9 /* FBMyPhotos.swift */,
			);
			name = model;
			sourceTree = "<group>";
		};
		D8A16D3A1BE8172800EDEB0B /* api */ = {
			isa = PBXGroup;
			children = (
				D8A16D3B1BE8174300EDEB0B /* ProfileAPIController.swift */,
				D87329661C6018BB003B8058 /* UserAPIController.swift */,
				D87F789D1C761F610000A6B9 /* FacebookAPIController.swift */,
			);
			name = api;
			sourceTree = "<group>";
		};
		D8DF09E31BFA35BF00619D2E /* button */ = {
			isa = PBXGroup;
			children = (
				D8685CF11BE7D6910041817E /* RoundedButton.swift */,
				D8A16D351BE8159900EDEB0B /* CircleButton.swift */,
			);
			name = button;
			sourceTree = "<group>";
		};
		D8DF09E41BFA35C900619D2E /* tabbar */ = {
			isa = PBXGroup;
			children = (
				D8685CEE1BE7D6200041817E /* CustomTabBarController.swift */,
			);
			name = tabbar;
			sourceTree = "<group>";
		};
		D8FAB4AA1C76913D000D0202 /* cell */ = {
			isa = PBXGroup;
			children = (
				D8FAB4AB1C769173000D0202 /* FBPhotoCell.swift */,
			);
			name = cell;
			sourceTree = "<group>";
		};
/* End PBXGroup section */

/* Begin PBXNativeTarget section */
		D8685CB81BE7BF880041817E /* xtalk */ = {
			isa = PBXNativeTarget;
			buildConfigurationList = D8685CE11BE7BF890041817E /* Build configuration list for PBXNativeTarget "xtalk" */;
			buildPhases = (
				D8685CB51BE7BF880041817E /* Sources */,
				D8685CB61BE7BF880041817E /* Frameworks */,
				D8685CB71BE7BF880041817E /* Resources */,
			);
			buildRules = (
			);
			dependencies = (
			);
			name = xtalk;
			productName = xtalk;
			productReference = D8685CB91BE7BF880041817E /* xtalk.app */;
			productType = "com.apple.product-type.application";
		};
		D8685CCC1BE7BF890041817E /* xtalkTests */ = {
			isa = PBXNativeTarget;
			buildConfigurationList = D8685CE41BE7BF890041817E /* Build configuration list for PBXNativeTarget "xtalkTests" */;
			buildPhases = (
				D8685CC91BE7BF890041817E /* Sources */,
				D8685CCA1BE7BF890041817E /* Frameworks */,
				D8685CCB1BE7BF890041817E /* Resources */,
			);
			buildRules = (
			);
			dependencies = (
				D8685CCF1BE7BF890041817E /* PBXTargetDependency */,
			);
			name = xtalkTests;
			productName = xtalkTests;
			productReference = D8685CCD1BE7BF890041817E /* xtalkTests.xctest */;
			productType = "com.apple.product-type.bundle.unit-test";
		};
		D8685CD71BE7BF890041817E /* xtalkUITests */ = {
			isa = PBXNativeTarget;
			buildConfigurationList = D8685CE71BE7BF890041817E /* Build configuration list for PBXNativeTarget "xtalkUITests" */;
			buildPhases = (
				D8685CD41BE7BF890041817E /* Sources */,
				D8685CD51BE7BF890041817E /* Frameworks */,
				D8685CD61BE7BF890041817E /* Resources */,
			);
			buildRules = (
			);
			dependencies = (
				D8685CDA1BE7BF890041817E /* PBXTargetDependency */,
			);
			name = xtalkUITests;
			productName = xtalkUITests;
			productReference = D8685CD81BE7BF890041817E /* xtalkUITests.xctest */;
			productType = "com.apple.product-type.bundle.ui-testing";
		};
/* End PBXNativeTarget section */

/* Begin PBXProject section */
		D8685CB11BE7BF880041817E /* Project object */ = {
			isa = PBXProject;
			attributes = {
				LastUpgradeCheck = 0700;
				ORGANIZATIONNAME = "Mehmet Sen";
				TargetAttributes = {
					D8685CB81BE7BF880041817E = {
						CreatedOnToolsVersion = 7.0.1;
					};
					D8685CCC1BE7BF890041817E = {
						CreatedOnToolsVersion = 7.0.1;
						TestTargetID = D8685CB81BE7BF880041817E;
					};
					D8685CD71BE7BF890041817E = {
						CreatedOnToolsVersion = 7.0.1;
						TestTargetID = D8685CB81BE7BF880041817E;
					};
				};
			};
			buildConfigurationList = D8685CB41BE7BF880041817E /* Build configuration list for PBXProject "xtalk" */;
			compatibilityVersion = "Xcode 3.2";
			developmentRegion = English;
			hasScannedForEncodings = 0;
			knownRegions = (
				en,
				Base,
			);
			mainGroup = D8685CB01BE7BF880041817E;
			productRefGroup = D8685CBA1BE7BF880041817E /* Products */;
			projectDirPath = "";
			projectRoot = "";
			targets = (
				D8685CB81BE7BF880041817E /* xtalk */,
				D8685CCC1BE7BF890041817E /* xtalkTests */,
				D8685CD71BE7BF890041817E /* xtalkUITests */,
			);
		};
/* End PBXProject section */

/* Begin PBXResourcesBuildPhase section */
		D8685CB71BE7BF880041817E /* Resources */ = {
			isa = PBXResourcesBuildPhase;
			buildActionMask = 2147483647;
			files = (
				D8685CC71BE7BF880041817E /* LaunchScreen.storyboard in Resources */,
				D8685CC41BE7BF880041817E /* Assets.xcassets in Resources */,
				D8685CC21BE7BF880041817E /* Main.storyboard in Resources */,
			);
			runOnlyForDeploymentPostprocessing = 0;
		};
		D8685CCB1BE7BF890041817E /* Resources */ = {
			isa = PBXResourcesBuildPhase;
			buildActionMask = 2147483647;
			files = (
			);
			runOnlyForDeploymentPostprocessing = 0;
		};
		D8685CD61BE7BF890041817E /* Resources */ = {
			isa = PBXResourcesBuildPhase;
			buildActionMask = 2147483647;
			files = (
			);
			runOnlyForDeploymentPostprocessing = 0;
		};
/* End PBXResourcesBuildPhase section */

/* Begin PBXSourcesBuildPhase section */
		D8685CB51BE7BF880041817E /* Sources */ = {
			isa = PBXSourcesBuildPhase;
			buildActionMask = 2147483647;
			files = (
				D873296B1C613DA4003B8058 /* DoubleExtension.swift in Sources */,
				D87329611C513A31003B8058 /* PlacesViewController.swift in Sources */,
				59A90C911C5E787A004F7F73 /* EntryViewController.swift in Sources */,
				D873295F1C5137F3003B8058 /* PeersViewController.swift in Sources */,
				D8A16D301BE8111B00EDEB0B /* CaptureProfilePhotoViewController.swift in Sources */,
				D8FAB4AC1C769173000D0202 /* FBPhotoCell.swift in Sources */,
				D8A16D391BE816BD00EDEB0B /* Profile.swift in Sources */,
				D87F78A01C7622A60000A6B9 /* FBPhoto.swift in Sources */,
				D87329631C582BDA003B8058 /* RegisterViewController.swift in Sources */,
				D8685CF41BE7DA320041817E /* LoginViewController.swift in Sources */,
				D8685CBF1BE7BF880041817E /* MainViewController.swift in Sources */,
				D8DF09EC1BFA517700619D2E /* PhotoSourceViewController.swift in Sources */,
				D87F789A1C739F0A0000A6B9 /* FacePhotosViewController.swift in Sources */,
				D87F78A21C762A240000A6B9 /* StringExtension.swift in Sources */,
				D87329671C6018BB003B8058 /* UserAPIController.swift in Sources */,
				D8A16D321BE8113300EDEB0B /* ZoomPhotoViewController.swift in Sources */,
				D87D91C41BE800C400CABE91 /* ProfilePhotoViewController.swift in Sources */,
				D8685CF21BE7D6910041817E /* RoundedButton.swift in Sources */,
				D87F789C1C7514F40000A6B9 /* FBHelper.swift in Sources */,
				D8A16D361BE8159900EDEB0B /* CircleButton.swift in Sources */,
				D87329691C613CF9003B8058 /* DateExtension.swift in Sources */,
				D8685CBD1BE7BF880041817E /* AppDelegate.swift in Sources */,
				D8A16D3C1BE8174300EDEB0B /* ProfileAPIController.swift in Sources */,
				D8685CEF1BE7D6200041817E /* CustomTabBarController.swift in Sources */,
				D87EF8CE1BE90B660067DEC4 /* ProfileViewController.swift in Sources */,
				D8A16D341BE8131F00EDEB0B /* MutableExtension.swift in Sources */,
				D87F789E1C761F610000A6B9 /* FacebookAPIController.swift in Sources */,
				D8685CEC1BE7D5BF0041817E /* UIImageExtension.swift in Sources */,
				D8DF09E81BFA49E900619D2E /* UIImageViewExtension.swift in Sources */,
				D87F78A41C7637D30000A6B9 /* FBMyPhotos.swift in Sources */,
				D87329651C601756003B8058 /* User.swift in Sources */,
			);
			runOnlyForDeploymentPostprocessing = 0;
		};
		D8685CC91BE7BF890041817E /* Sources */ = {
			isa = PBXSourcesBuildPhase;
			buildActionMask = 2147483647;
			files = (
				D8685CD21BE7BF890041817E /* xtalkTests.swift in Sources */,
			);
			runOnlyForDeploymentPostprocessing = 0;
		};
		D8685CD41BE7BF890041817E /* Sources */ = {
			isa = PBXSourcesBuildPhase;
			buildActionMask = 2147483647;
			files = (
				D8685CDD1BE7BF890041817E /* xtalkUITests.swift in Sources */,
			);
			runOnlyForDeploymentPostprocessing = 0;
		};
/* End PBXSourcesBuildPhase section */

/* Begin PBXTargetDependency section */
		D8685CCF1BE7BF890041817E /* PBXTargetDependency */ = {
			isa = PBXTargetDependency;
			target = D8685CB81BE7BF880041817E /* xtalk */;
			targetProxy = D8685CCE1BE7BF890041817E /* PBXContainerItemProxy */;
		};
		D8685CDA1BE7BF890041817E /* PBXTargetDependency */ = {
			isa = PBXTargetDependency;
			target = D8685CB81BE7BF880041817E /* xtalk */;
			targetProxy = D8685CD91BE7BF890041817E /* PBXContainerItemProxy */;
		};
/* End PBXTargetDependency section */

/* Begin PBXVariantGroup section */
		D8685CC01BE7BF880041817E /* Main.storyboard */ = {
			isa = PBXVariantGroup;
			children = (
				D8685CC11BE7BF880041817E /* Base */,
			);
			name = Main.storyboard;
			sourceTree = "<group>";
		};
		D8685CC51BE7BF880041817E /* LaunchScreen.storyboard */ = {
			isa = PBXVariantGroup;
			children = (
				D8685CC61BE7BF880041817E /* Base */,
			);
			name = LaunchScreen.storyboard;
			sourceTree = "<group>";
		};
/* End PBXVariantGroup section */

/* Begin XCBuildConfiguration section */
		D8685CDF1BE7BF890041817E /* Debug */ = {
			isa = XCBuildConfiguration;
			buildSettings = {
				ALWAYS_SEARCH_USER_PATHS = NO;
				CLANG_CXX_LANGUAGE_STANDARD = "gnu++0x";
				CLANG_CXX_LIBRARY = "libc++";
				CLANG_ENABLE_MODULES = YES;
				CLANG_ENABLE_OBJC_ARC = YES;
				CLANG_WARN_BOOL_CONVERSION = YES;
				CLANG_WARN_CONSTANT_CONVERSION = YES;
				CLANG_WARN_DIRECT_OBJC_ISA_USAGE = YES_ERROR;
				CLANG_WARN_EMPTY_BODY = YES;
				CLANG_WARN_ENUM_CONVERSION = YES;
				CLANG_WARN_INT_CONVERSION = YES;
				CLANG_WARN_OBJC_ROOT_CLASS = YES_ERROR;
				CLANG_WARN_UNREACHABLE_CODE = YES;
				CLANG_WARN__DUPLICATE_METHOD_MATCH = YES;
				"CODE_SIGN_IDENTITY[sdk=iphoneos*]" = "iPhone Developer";
				COPY_PHASE_STRIP = NO;
				DEBUG_INFORMATION_FORMAT = dwarf;
				ENABLE_STRICT_OBJC_MSGSEND = YES;
				ENABLE_TESTABILITY = YES;
				GCC_C_LANGUAGE_STANDARD = gnu99;
				GCC_DYNAMIC_NO_PIC = NO;
				GCC_NO_COMMON_BLOCKS = YES;
				GCC_OPTIMIZATION_LEVEL = 0;
				GCC_PREPROCESSOR_DEFINITIONS = (
					"DEBUG=1",
					"$(inherited)",
				);
				GCC_WARN_64_TO_32_BIT_CONVERSION = YES;
				GCC_WARN_ABOUT_RETURN_TYPE = YES_ERROR;
				GCC_WARN_UNDECLARED_SELECTOR = YES;
				GCC_WARN_UNINITIALIZED_AUTOS = YES_AGGRESSIVE;
				GCC_WARN_UNUSED_FUNCTION = YES;
				GCC_WARN_UNUSED_VARIABLE = YES;
				IPHONEOS_DEPLOYMENT_TARGET = 9.0;
				MTL_ENABLE_DEBUG_INFO = YES;
				ONLY_ACTIVE_ARCH = YES;
				SDKROOT = iphoneos;
				SWIFT_OPTIMIZATION_LEVEL = "-Onone";
				TARGETED_DEVICE_FAMILY = "1,2";
			};
			name = Debug;
		};
		D8685CE01BE7BF890041817E /* Release */ = {
			isa = XCBuildConfiguration;
			buildSettings = {
				ALWAYS_SEARCH_USER_PATHS = NO;
				CLANG_CXX_LANGUAGE_STANDARD = "gnu++0x";
				CLANG_CXX_LIBRARY = "libc++";
				CLANG_ENABLE_MODULES = YES;
				CLANG_ENABLE_OBJC_ARC = YES;
				CLANG_WARN_BOOL_CONVERSION = YES;
				CLANG_WARN_CONSTANT_CONVERSION = YES;
				CLANG_WARN_DIRECT_OBJC_ISA_USAGE = YES_ERROR;
				CLANG_WARN_EMPTY_BODY = YES;
				CLANG_WARN_ENUM_CONVERSION = YES;
				CLANG_WARN_INT_CONVERSION = YES;
				CLANG_WARN_OBJC_ROOT_CLASS = YES_ERROR;
				CLANG_WARN_UNREACHABLE_CODE = YES;
				CLANG_WARN__DUPLICATE_METHOD_MATCH = YES;
				"CODE_SIGN_IDENTITY[sdk=iphoneos*]" = "iPhone Developer";
				COPY_PHASE_STRIP = NO;
				DEBUG_INFORMATION_FORMAT = "dwarf-with-dsym";
				ENABLE_NS_ASSERTIONS = NO;
				ENABLE_STRICT_OBJC_MSGSEND = YES;
				GCC_C_LANGUAGE_STANDARD = gnu99;
				GCC_NO_COMMON_BLOCKS = YES;
				GCC_WARN_64_TO_32_BIT_CONVERSION = YES;
				GCC_WARN_ABOUT_RETURN_TYPE = YES_ERROR;
				GCC_WARN_UNDECLARED_SELECTOR = YES;
				GCC_WARN_UNINITIALIZED_AUTOS = YES_AGGRESSIVE;
				GCC_WARN_UNUSED_FUNCTION = YES;
				GCC_WARN_UNUSED_VARIABLE = YES;
				IPHONEOS_DEPLOYMENT_TARGET = 9.0;
				MTL_ENABLE_DEBUG_INFO = NO;
				SDKROOT = iphoneos;
				TARGETED_DEVICE_FAMILY = "1,2";
				VALIDATE_PRODUCT = YES;
			};
			name = Release;
		};
		D8685CE21BE7BF890041817E /* Debug */ = {
			isa = XCBuildConfiguration;
			buildSettings = {
				ASSETCATALOG_COMPILER_APPICON_NAME = AppIcon;
				FRAMEWORK_SEARCH_PATHS = (
					"$(inherited)",
					"$(PROJECT_DIR)/xtalk",
				);
				INFOPLIST_FILE = xtalk/Info.plist;
				LD_RUNPATH_SEARCH_PATHS = "$(inherited) @executable_path/Frameworks";
				PRODUCT_BUNDLE_IDENTIFIER = xtalk.app;
				PRODUCT_NAME = "$(TARGET_NAME)";
				SWIFT_OBJC_BRIDGING_HEADER = "xtalk/Bridging-Header.h";
			};
			name = Debug;
		};
		D8685CE31BE7BF890041817E /* Release */ = {
			isa = XCBuildConfiguration;
			buildSettings = {
				ASSETCATALOG_COMPILER_APPICON_NAME = AppIcon;
				FRAMEWORK_SEARCH_PATHS = (
					"$(inherited)",
					"$(PROJECT_DIR)/xtalk",
				);
				INFOPLIST_FILE = xtalk/Info.plist;
				LD_RUNPATH_SEARCH_PATHS = "$(inherited) @executable_path/Frameworks";
				PRODUCT_BUNDLE_IDENTIFIER = xtalk.app;
				PRODUCT_NAME = "$(TARGET_NAME)";
				SWIFT_OBJC_BRIDGING_HEADER = "xtalk/Bridging-Header.h";
			};
			name = Release;
		};
		D8685CE51BE7BF890041817E /* Debug */ = {
			isa = XCBuildConfiguration;
			buildSettings = {
				BUNDLE_LOADER = "$(TEST_HOST)";
				INFOPLIST_FILE = xtalkTests/Info.plist;
				LD_RUNPATH_SEARCH_PATHS = "$(inherited) @executable_path/Frameworks @loader_path/Frameworks";
				PRODUCT_BUNDLE_IDENTIFIER = oyvent.xtalkTests;
				PRODUCT_NAME = "$(TARGET_NAME)";
				TEST_HOST = "$(BUILT_PRODUCTS_DIR)/xtalk.app/xtalk";
			};
			name = Debug;
		};
		D8685CE61BE7BF890041817E /* Release */ = {
			isa = XCBuildConfiguration;
			buildSettings = {
				BUNDLE_LOADER = "$(TEST_HOST)";
				INFOPLIST_FILE = xtalkTests/Info.plist;
				LD_RUNPATH_SEARCH_PATHS = "$(inherited) @executable_path/Frameworks @loader_path/Frameworks";
				PRODUCT_BUNDLE_IDENTIFIER = oyvent.xtalkTests;
				PRODUCT_NAME = "$(TARGET_NAME)";
				TEST_HOST = "$(BUILT_PRODUCTS_DIR)/xtalk.app/xtalk";
			};
			name = Release;
		};
		D8685CE81BE7BF890041817E /* Debug */ = {
			isa = XCBuildConfiguration;
			buildSettings = {
				INFOPLIST_FILE = xtalkUITests/Info.plist;
				LD_RUNPATH_SEARCH_PATHS = "$(inherited) @executable_path/Frameworks @loader_path/Frameworks";
				PRODUCT_BUNDLE_IDENTIFIER = oyvent.xtalkUITests;
				PRODUCT_NAME = "$(TARGET_NAME)";
				TEST_TARGET_NAME = xtalk;
				USES_XCTRUNNER = YES;
			};
			name = Debug;
		};
		D8685CE91BE7BF890041817E /* Release */ = {
			isa = XCBuildConfiguration;
			buildSettings = {
				INFOPLIST_FILE = xtalkUITests/Info.plist;
				LD_RUNPATH_SEARCH_PATHS = "$(inherited) @executable_path/Frameworks @loader_path/Frameworks";
				PRODUCT_BUNDLE_IDENTIFIER = oyvent.xtalkUITests;
				PRODUCT_NAME = "$(TARGET_NAME)";
				TEST_TARGET_NAME = xtalk;
				USES_XCTRUNNER = YES;
			};
			name = Release;
		};
/* End XCBuildConfiguration section */

/* Begin XCConfigurationList section */
		D8685CB41BE7BF880041817E /* Build configuration list for PBXProject "xtalk" */ = {
			isa = XCConfigurationList;
			buildConfigurations = (
				D8685CDF1BE7BF890041817E /* Debug */,
				D8685CE01BE7BF890041817E /* Release */,
			);
			defaultConfigurationIsVisible = 0;
			defaultConfigurationName = Release;
		};
		D8685CE11BE7BF890041817E /* Build configuration list for PBXNativeTarget "xtalk" */ = {
			isa = XCConfigurationList;
			buildConfigurations = (
				D8685CE21BE7BF890041817E /* Debug */,
				D8685CE31BE7BF890041817E /* Release */,
			);
			defaultConfigurationIsVisible = 0;
			defaultConfigurationName = Release;
		};
		D8685CE41BE7BF890041817E /* Build configuration list for PBXNativeTarget "xtalkTests" */ = {
			isa = XCConfigurationList;
			buildConfigurations = (
				D8685CE51BE7BF890041817E /* Debug */,
				D8685CE61BE7BF890041817E /* Release */,
			);
			defaultConfigurationIsVisible = 0;
			defaultConfigurationName = Release;
		};
		D8685CE71BE7BF890041817E /* Build configuration list for PBXNativeTarget "xtalkUITests" */ = {
			isa = XCConfigurationList;
			buildConfigurations = (
				D8685CE81BE7BF890041817E /* Debug */,
				D8685CE91BE7BF890041817E /* Release */,
			);
			defaultConfigurationIsVisible = 0;
			defaultConfigurationName = Release;
		};
/* End XCConfigurationList section */
	};
	rootObject = D8685CB11BE7BF880041817E /* Project object */;
}
